
Microsoft Visual Studio Solution File, Format Version 12.00
# Visual Studio Version 17
VisualStudioVersion = 17.11.35222.181
MinimumVisualStudioVersion = 10.0.40219.1
Project("{2150E333-8FDC-42A3-9474-1A3956D46DE8}") = "Services", "Services", "{5459E583-811F-4EFA-869A-F8686CE98674}"
EndProject
Project("{2150E333-8FDC-42A3-9474-1A3956D46DE8}") = "Catalog", "Catalog", "{D9F1586B-9E7A-45B2-BEDB-3A6652C67261}"
EndProject
Project("{FAE04EC0-301F-11D3-BF4B-00C04F79EFBC}") = "Catalog.Api", "Services\Catalog\Catalog.Api\Catalog.Api.csproj", "{D3201AF6-E91E-45D8-B44D-5B222AAA3CB4}"
EndProject
Global
	GlobalSection(SolutionConfigurationPlatforms) = preSolution
		Debug|Any CPU = Debug|Any CPU
		Release|Any CPU = Release|Any CPU
	EndGlobalSection
	GlobalSection(ProjectConfigurationPlatforms) = postSolution
		{D3201AF6-E91E-45D8-B44D-5B222AAA3CB4}.Debug|Any CPU.ActiveCfg = Debug|Any CPU
		{D3201AF6-E91E-45D8-B44D-5B222AAA3CB4}.Debug|Any CPU.Build.0 = Debug|Any CPU
		{D3201AF6-E91E-45D8-B44D-5B222AAA3CB4}.Release|Any CPU.ActiveCfg = Release|Any CPU
		{D3201AF6-E91E-45D8-B44D-5B222AAA3CB4}.Release|Any CPU.Build.0 = Release|Any CPU
	EndGlobalSection
	GlobalSection(SolutionProperties) = preSolution
		HideSolutionNode = FALSE
	EndGlobalSection
	GlobalSection(NestedProjects) = preSolution
		{D9F1586B-9E7A-45B2-BEDB-3A6652C67261} = {5459E583-811F-4EFA-869A-F8686CE98674}
		{D3201AF6-E91E-45D8-B44D-5B222AAA3CB4} = {D9F1586B-9E7A-45B2-BEDB-3A6652C67261}
	EndGlobalSection
	GlobalSection(ExtensibilityGlobals) = postSolution
		SolutionGuid = {3C46F52D-3DA0-48A7-A6BC-A10F27658267}
	EndGlobalSection
EndGlobal
